// !$*UTF8*$!
{
	archiveVersion = 1;
	classes = {
	};
	objectVersion = 51;
	objects = {

/* Begin PBXBuildFile section */
		87A0E1D425F393F300ECB83A /* CellProtocol.swift in Sources */ = {isa = PBXBuildFile; fileRef = 87A0E1D325F393F300ECB83A /* CellProtocol.swift */; };
		87A0E1DA25F3A61300ECB83A /* MainViewModelProtocol.swift in Sources */ = {isa = PBXBuildFile; fileRef = 87A0E1D925F3A61300ECB83A /* MainViewModelProtocol.swift */; };
		87A2310225F2326500E4D619 /* AppDelegate.swift in Sources */ = {isa = PBXBuildFile; fileRef = 87A2310125F2326500E4D619 /* AppDelegate.swift */; };
		87A2310625F2326500E4D619 /* MainViewController.swift in Sources */ = {isa = PBXBuildFile; fileRef = 87A2310525F2326500E4D619 /* MainViewController.swift */; };
		87A2310B25F2326900E4D619 /* Assets.xcassets in Resources */ = {isa = PBXBuildFile; fileRef = 87A2310A25F2326900E4D619 /* Assets.xcassets */; };
		87A2310E25F2326900E4D619 /* LaunchScreen.storyboard in Resources */ = {isa = PBXBuildFile; fileRef = 87A2310C25F2326900E4D619 /* LaunchScreen.storyboard */; };
		87A2311C25F234D300E4D619 /* MainViewModel.swift in Sources */ = {isa = PBXBuildFile; fileRef = 87A2311B25F234D300E4D619 /* MainViewModel.swift */; };
		87A2312025F2359400E4D619 /* Info.swift in Sources */ = {isa = PBXBuildFile; fileRef = 87A2311F25F2359400E4D619 /* Info.swift */; };
		87A2312325F2382100E4D619 /* Networking.swift in Sources */ = {isa = PBXBuildFile; fileRef = 87A2312225F2382100E4D619 /* Networking.swift */; };
		87A2313325F24DA800E4D619 /* TextBlockCell.swift in Sources */ = {isa = PBXBuildFile; fileRef = 87A2313225F24DA800E4D619 /* TextBlockCell.swift */; };
		87A2313625F24DC000E4D619 /* CellWithImage.swift in Sources */ = {isa = PBXBuildFile; fileRef = 87A2313525F24DC000E4D619 /* CellWithImage.swift */; };
		87A2313925F24DCE00E4D619 /* CellWithSelector.swift in Sources */ = {isa = PBXBuildFile; fileRef = 87A2313825F24DCE00E4D619 /* CellWithSelector.swift */; };
		A6A576CCA327BEBFBAB457C5 /* Pods_PryanikyTest.framework in Frameworks */ = {isa = PBXBuildFile; fileRef = 0658C910E06B5E7DE81B28FC /* Pods_PryanikyTest.framework */; };
/* End PBXBuildFile section */

/* Begin PBXFileReference section */
		0658C910E06B5E7DE81B28FC /* Pods_PryanikyTest.framework */ = {isa = PBXFileReference; explicitFileType = wrapper.framework; includeInIndex = 0; path = Pods_PryanikyTest.framework; sourceTree = BUILT_PRODUCTS_DIR; };
		548403DACE85542F6F1D7294 /* Pods-PryanikyTest.release.xcconfig */ = {isa = PBXFileReference; includeInIndex = 1; lastKnownFileType = text.xcconfig; name = "Pods-PryanikyTest.release.xcconfig"; path = "Target Support Files/Pods-PryanikyTest/Pods-PryanikyTest.release.xcconfig"; sourceTree = "<group>"; };
		87A0E1D325F393F300ECB83A /* CellProtocol.swift */ = {isa = PBXFileReference; lastKnownFileType = sourcecode.swift; path = CellProtocol.swift; sourceTree = "<group>"; };
		87A0E1D925F3A61300ECB83A /* MainViewModelProtocol.swift */ = {isa = PBXFileReference; lastKnownFileType = sourcecode.swift; path = MainViewModelProtocol.swift; sourceTree = "<group>"; };
		87A230FE25F2326500E4D619 /* PryanikyTest.app */ = {isa = PBXFileReference; explicitFileType = wrapper.application; includeInIndex = 0; path = PryanikyTest.app; sourceTree = BUILT_PRODUCTS_DIR; };
		87A2310125F2326500E4D619 /* AppDelegate.swift */ = {isa = PBXFileReference; lastKnownFileType = sourcecode.swift; path = AppDelegate.swift; sourceTree = "<group>"; };
		87A2310525F2326500E4D619 /* MainViewController.swift */ = {isa = PBXFileReference; lastKnownFileType = sourcecode.swift; path = MainViewController.swift; sourceTree = "<group>"; };
		87A2310A25F2326900E4D619 /* Assets.xcassets */ = {isa = PBXFileReference; lastKnownFileType = folder.assetcatalog; path = Assets.xcassets; sourceTree = "<group>"; };
		87A2310D25F2326900E4D619 /* Base */ = {isa = PBXFileReference; lastKnownFileType = file.storyboard; name = Base; path = Base.lproj/LaunchScreen.storyboard; sourceTree = "<group>"; };
		87A2310F25F2326900E4D619 /* Info.plist */ = {isa = PBXFileReference; lastKnownFileType = text.plist.xml; path = Info.plist; sourceTree = "<group>"; };
		87A2311B25F234D300E4D619 /* MainViewModel.swift */ = {isa = PBXFileReference; lastKnownFileType = sourcecode.swift; path = MainViewModel.swift; sourceTree = "<group>"; };
		87A2311F25F2359400E4D619 /* Info.swift */ = {isa = PBXFileReference; lastKnownFileType = sourcecode.swift; path = Info.swift; sourceTree = "<group>"; };
		87A2312225F2382100E4D619 /* Networking.swift */ = {isa = PBXFileReference; lastKnownFileType = sourcecode.swift; path = Networking.swift; sourceTree = "<group>"; };
		87A2313225F24DA800E4D619 /* TextBlockCell.swift */ = {isa = PBXFileReference; lastKnownFileType = sourcecode.swift; path = TextBlockCell.swift; sourceTree = "<group>"; };
		87A2313525F24DC000E4D619 /* CellWithImage.swift */ = {isa = PBXFileReference; lastKnownFileType = sourcecode.swift; path = CellWithImage.swift; sourceTree = "<group>"; };
		87A2313825F24DCE00E4D619 /* CellWithSelector.swift */ = {isa = PBXFileReference; lastKnownFileType = sourcecode.swift; path = CellWithSelector.swift; sourceTree = "<group>"; };
		D15B5584B3DB978845816FF1 /* Pods-PryanikyTest.debug.xcconfig */ = {isa = PBXFileReference; includeInIndex = 1; lastKnownFileType = text.xcconfig; name = "Pods-PryanikyTest.debug.xcconfig"; path = "Target Support Files/Pods-PryanikyTest/Pods-PryanikyTest.debug.xcconfig"; sourceTree = "<group>"; };
/* End PBXFileReference section */

/* Begin PBXFrameworksBuildPhase section */
		87A230FB25F2326500E4D619 /* Frameworks */ = {
			isa = PBXFrameworksBuildPhase;
			buildActionMask = 2147483647;
			files = (
				A6A576CCA327BEBFBAB457C5 /* Pods_PryanikyTest.framework in Frameworks */,
			);
			runOnlyForDeploymentPostprocessing = 0;
		};
/* End PBXFrameworksBuildPhase section */

/* Begin PBXGroup section */
		6A45FA94F8F51B6875CB23DC /* Pods */ = {
			isa = PBXGroup;
			children = (
				D15B5584B3DB978845816FF1 /* Pods-PryanikyTest.debug.xcconfig */,
				548403DACE85542F6F1D7294 /* Pods-PryanikyTest.release.xcconfig */,
			);
			path = Pods;
			sourceTree = "<group>";
		};
		87A0E1D725F3A5E100ECB83A /* Protocols */ = {
			isa = PBXGroup;
			children = (
				87A0E1D325F393F300ECB83A /* CellProtocol.swift */,
				87A0E1D925F3A61300ECB83A /* MainViewModelProtocol.swift */,
			);
			path = Protocols;
			sourceTree = "<group>";
		};
		87A230F525F2326500E4D619 = {
			isa = PBXGroup;
			children = (
				87A2310025F2326500E4D619 /* PryanikyTest */,
				87A230FF25F2326500E4D619 /* Products */,
				6A45FA94F8F51B6875CB23DC /* Pods */,
				C533D22F1801FEBA042E6D5F /* Frameworks */,
			);
			sourceTree = "<group>";
		};
		87A230FF25F2326500E4D619 /* Products */ = {
			isa = PBXGroup;
			children = (
				87A230FE25F2326500E4D619 /* PryanikyTest.app */,
			);
			name = Products;
			sourceTree = "<group>";
		};
		87A2310025F2326500E4D619 /* PryanikyTest */ = {
			isa = PBXGroup;
			children = (
				87A2311A25F234AE00E4D619 /* Classes */,
				87A2311925F2349F00E4D619 /* UI */,
				87A2310125F2326500E4D619 /* AppDelegate.swift */,
				87A2310A25F2326900E4D619 /* Assets.xcassets */,
				87A2310C25F2326900E4D619 /* LaunchScreen.storyboard */,
				87A2310F25F2326900E4D619 /* Info.plist */,
			);
			path = PryanikyTest;
			sourceTree = "<group>";
		};
		87A2311925F2349F00E4D619 /* UI */ = {
			isa = PBXGroup;
			children = (
				87A0E1D725F3A5E100ECB83A /* Protocols */,
				87A2312A25F23E3200E4D619 /* Cells */,
				87A2310525F2326500E4D619 /* MainViewController.swift */,
				87A2311B25F234D300E4D619 /* MainViewModel.swift */,
			);
			path = UI;
			sourceTree = "<group>";
		};
		87A2311A25F234AE00E4D619 /* Classes */ = {
			isa = PBXGroup;
			children = (
				87A2311F25F2359400E4D619 /* Info.swift */,
				87A2312225F2382100E4D619 /* Networking.swift */,
			);
			path = Classes;
			sourceTree = "<group>";
		};
		87A2312A25F23E3200E4D619 /* Cells */ = {
			isa = PBXGroup;
			children = (
				87A2313225F24DA800E4D619 /* TextBlockCell.swift */,
				87A2313525F24DC000E4D619 /* CellWithImage.swift */,
				87A2313825F24DCE00E4D619 /* CellWithSelector.swift */,
			);
			path = Cells;
			sourceTree = "<group>";
		};
		C533D22F1801FEBA042E6D5F /* Frameworks */ = {
			isa = PBXGroup;
			children = (
				0658C910E06B5E7DE81B28FC /* Pods_PryanikyTest.framework */,
			);
			name = Frameworks;
			sourceTree = "<group>";
		};
/* End PBXGroup section */

/* Begin PBXNativeTarget section */
		87A230FD25F2326500E4D619 /* PryanikyTest */ = {
			isa = PBXNativeTarget;
			buildConfigurationList = 87A2311225F2326900E4D619 /* Build configuration list for PBXNativeTarget "PryanikyTest" */;
			buildPhases = (
				DA5A4545B8955BA2AA31075F /* [CP] Check Pods Manifest.lock */,
				87A230FA25F2326500E4D619 /* Sources */,
				87A230FB25F2326500E4D619 /* Frameworks */,
				87A230FC25F2326500E4D619 /* Resources */,
				086CC1BA88AF0A2723694AC0 /* [CP] Embed Pods Frameworks */,
			);
			buildRules = (
			);
			dependencies = (
			);
			name = PryanikyTest;
			productName = PryanikyTest;
			productReference = 87A230FE25F2326500E4D619 /* PryanikyTest.app */;
			productType = "com.apple.product-type.application";
		};
/* End PBXNativeTarget section */

/* Begin PBXProject section */
		87A230F625F2326500E4D619 /* Project object */ = {
			isa = PBXProject;
			attributes = {
				LastSwiftUpdateCheck = 1240;
				LastUpgradeCheck = 1240;
				TargetAttributes = {
					87A230FD25F2326500E4D619 = {
						CreatedOnToolsVersion = 12.4;
					};
				};
			};
			buildConfigurationList = 87A230F925F2326500E4D619 /* Build configuration list for PBXProject "PryanikyTest" */;
			compatibilityVersion = "Xcode 9.3";
			developmentRegion = en;
			hasScannedForEncodings = 0;
			knownRegions = (
				en,
				Base,
			);
			mainGroup = 87A230F525F2326500E4D619;
			productRefGroup = 87A230FF25F2326500E4D619 /* Products */;
			projectDirPath = "";
			projectRoot = "";
			targets = (
				87A230FD25F2326500E4D619 /* PryanikyTest */,
			);
		};
/* End PBXProject section */

/* Begin PBXResourcesBuildPhase section */
		87A230FC25F2326500E4D619 /* Resources */ = {
			isa = PBXResourcesBuildPhase;
			buildActionMask = 2147483647;
			files = (
				87A2310E25F2326900E4D619 /* LaunchScreen.storyboard in Resources */,
				87A2310B25F2326900E4D619 /* Assets.xcassets in Resources */,
			);
			runOnlyForDeploymentPostprocessing = 0;
		};
/* End PBXResourcesBuildPhase section */

/* Begin PBXShellScriptBuildPhase section */
		086CC1BA88AF0A2723694AC0 /* [CP] Embed Pods Frameworks */ = {
			isa = PBXShellScriptBuildPhase;
			buildActionMask = 2147483647;
			files = (
			);
			inputFileListPaths = (
				"${PODS_ROOT}/Target Support Files/Pods-PryanikyTest/Pods-PryanikyTest-frameworks-${CONFIGURATION}-input-files.xcfilelist",
			);
			name = "[CP] Embed Pods Frameworks";
			outputFileListPaths = (
				"${PODS_ROOT}/Target Support Files/Pods-PryanikyTest/Pods-PryanikyTest-frameworks-${CONFIGURATION}-output-files.xcfilelist",
			);
			runOnlyForDeploymentPostprocessing = 0;
			shellPath = /bin/sh;
			shellScript = "\"${PODS_ROOT}/Target Support Files/Pods-PryanikyTest/Pods-PryanikyTest-frameworks.sh\"\n";
			showEnvVarsInLog = 0;
		};
		DA5A4545B8955BA2AA31075F /* [CP] Check Pods Manifest.lock */ = {
			isa = PBXShellScriptBuildPhase;
			buildActionMask = 2147483647;
			files = (
			);
			inputFileListPaths = (
			);
			inputPaths = (
				"${PODS_PODFILE_DIR_PATH}/Podfile.lock",
				"${PODS_ROOT}/Manifest.lock",
			);
			name = "[CP] Check Pods Manifest.lock";
			outputFileListPaths = (
			);
			outputPaths = (
				"$(DERIVED_FILE_DIR)/Pods-PryanikyTest-checkManifestLockResult.txt",
			);
			runOnlyForDeploymentPostprocessing = 0;
			shellPath = /bin/sh;
			shellScript = "diff \"${PODS_PODFILE_DIR_PATH}/Podfile.lock\" \"${PODS_ROOT}/Manifest.lock\" > /dev/null\nif [ $? != 0 ] ; then\n    # print error to STDERR\n    echo \"error: The sandbox is not in sync with the Podfile.lock. Run 'pod install' or update your CocoaPods installation.\" >&2\n    exit 1\nfi\n# This output is used by Xcode 'outputs' to avoid re-running this script phase.\necho \"SUCCESS\" > \"${SCRIPT_OUTPUT_FILE_0}\"\n";
			showEnvVarsInLog = 0;
		};
/* End PBXShellScriptBuildPhase section */

/* Begin PBXSourcesBuildPhase section */
		87A230FA25F2326500E4D619 /* Sources */ = {
			isa = PBXSourcesBuildPhase;
			buildActionMask = 2147483647;
			files = (
				87A2313325F24DA800E4D619 /* TextBlockCell.swift in Sources */,
				87A0E1DA25F3A61300ECB83A /* MainViewModelProtocol.swift in Sources */,
				87A2310625F2326500E4D619 /* MainViewController.swift in Sources */,
				87A2312325F2382100E4D619 /* Networking.swift in Sources */,
				87A2312025F2359400E4D619 /* Info.swift in Sources */,
				87A2311C25F234D300E4D619 /* MainViewModel.swift in Sources */,
				87A2313625F24DC000E4D619 /* CellWithImage.swift in Sources */,
				87A2313925F24DCE00E4D619 /* CellWithSelector.swift in Sources */,
				87A2310225F2326500E4D619 /* AppDelegate.swift in Sources */,
				87A0E1D425F393F300ECB83A /* CellProtocol.swift in Sources */,
			);
			runOnlyForDeploymentPostprocessing = 0;
		};
/* End PBXSourcesBuildPhase section */

/* Begin PBXVariantGroup section */
		87A2310C25F2326900E4D619 /* LaunchScreen.storyboard */ = {
			isa = PBXVariantGroup;
			children = (
				87A2310D25F2326900E4D619 /* Base */,
			);
			name = LaunchScreen.storyboard;
			sourceTree = "<group>";
		};
/* End PBXVariantGroup section */

/* Begin XCBuildConfiguration section */
		87A2311025F2326900E4D619 /* Debug */ = {
			isa = XCBuildConfiguration;
			buildSettings = {
				ALWAYS_SEARCH_USER_PATHS = NO;
				CLANG_ANALYZER_NONNULL = YES;
				CLANG_ANALYZER_NUMBER_OBJECT_CONVERSION = YES_AGGRESSIVE;
				CLANG_CXX_LANGUAGE_STANDARD = "gnu++14";
				CLANG_CXX_LIBRARY = "libc++";
				CLANG_ENABLE_MODULES = YES;
				CLANG_ENABLE_OBJC_ARC = YES;
				CLANG_ENABLE_OBJC_WEAK = YES;
				CLANG_WARN_BLOCK_CAPTURE_AUTORELEASING = YES;
				CLANG_WARN_BOOL_CONVERSION = YES;
				CLANG_WARN_COMMA = YES;
				CLANG_WARN_CONSTANT_CONVERSION = YES;
				CLANG_WARN_DEPRECATED_OBJC_IMPLEMENTATIONS = YES;
				CLANG_WARN_DIRECT_OBJC_ISA_USAGE = YES_ERROR;
				CLANG_WARN_DOCUMENTATION_COMMENTS = YES;
				CLANG_WARN_EMPTY_BODY = YES;
				CLANG_WARN_ENUM_CONVERSION = YES;
				CLANG_WARN_INFINITE_RECURSION = YES;
				CLANG_WARN_INT_CONVERSION = YES;
				CLANG_WARN_NON_LITERAL_NULL_CONVERSION = YES;
				CLANG_WARN_OBJC_IMPLICIT_RETAIN_SELF = YES;
				CLANG_WARN_OBJC_LITERAL_CONVERSION = YES;
				CLANG_WARN_OBJC_ROOT_CLASS = YES_ERROR;
				CLANG_WARN_QUOTED_INCLUDE_IN_FRAMEWORK_HEADER = YES;
				CLANG_WARN_RANGE_LOOP_ANALYSIS = YES;
				CLANG_WARN_STRICT_PROTOTYPES = YES;
				CLANG_WARN_SUSPICIOUS_MOVE = YES;
				CLANG_WARN_UNGUARDED_AVAILABILITY = YES_AGGRESSIVE;
				CLANG_WARN_UNREACHABLE_CODE = YES;
				CLANG_WARN__DUPLICATE_METHOD_MATCH = YES;
				COPY_PHASE_STRIP = NO;
				DEBUG_INFORMATION_FORMAT = dwarf;
				ENABLE_STRICT_OBJC_MSGSEND = YES;
				ENABLE_TESTABILITY = YES;
				GCC_C_LANGUAGE_STANDARD = gnu11;
				GCC_DYNAMIC_NO_PIC = NO;
				GCC_NO_COMMON_BLOCKS = YES;
				GCC_OPTIMIZATION_LEVEL = 0;
				GCC_PREPROCESSOR_DEFINITIONS = (
					"DEBUG=1",
					"$(inherited)",
				);
				GCC_WARN_64_TO_32_BIT_CONVERSION = YES;
				GCC_WARN_ABOUT_RETURN_TYPE = YES_ERROR;
				GCC_WARN_UNDECLARED_SELECTOR = YES;
				GCC_WARN_UNINITIALIZED_AUTOS = YES_AGGRESSIVE;
				GCC_WARN_UNUSED_FUNCTION = YES;
				GCC_WARN_UNUSED_VARIABLE = YES;
				IPHONEOS_DEPLOYMENT_TARGET = 14.4;
				MTL_ENABLE_DEBUG_INFO = INCLUDE_SOURCE;
				MTL_FAST_MATH = YES;
				ONLY_ACTIVE_ARCH = YES;
				SDKROOT = iphoneos;
				SWIFT_ACTIVE_COMPILATION_CONDITIONS = DEBUG;
				SWIFT_OPTIMIZATION_LEVEL = "-Onone";
			};
			name = Debug;
		};
		87A2311125F2326900E4D619 /* Release */ = {
			isa = XCBuildConfiguration;
			buildSettings = {
				ALWAYS_SEARCH_USER_PATHS = NO;
				CLANG_ANALYZER_NONNULL = YES;
				CLANG_ANALYZER_NUMBER_OBJECT_CONVERSION = YES_AGGRESSIVE;
				CLANG_CXX_LANGUAGE_STANDARD = "gnu++14";
				CLANG_CXX_LIBRARY = "libc++";
				CLANG_ENABLE_MODULES = YES;
				CLANG_ENABLE_OBJC_ARC = YES;
				CLANG_ENABLE_OBJC_WEAK = YES;
				CLANG_WARN_BLOCK_CAPTURE_AUTORELEASING = YES;
				CLANG_WARN_BOOL_CONVERSION = YES;
				CLANG_WARN_COMMA = YES;
				CLANG_WARN_CONSTANT_CONVERSION = YES;
				CLANG_WARN_DEPRECATED_OBJC_IMPLEMENTATIONS = YES;
				CLANG_WARN_DIRECT_OBJC_ISA_USAGE = YES_ERROR;
				CLANG_WARN_DOCUMENTATION_COMMENTS = YES;
				CLANG_WARN_EMPTY_BODY = YES;
				CLANG_WARN_ENUM_CONVERSION = YES;
				CLANG_WARN_INFINITE_RECURSION = YES;
				CLANG_WARN_INT_CONVERSION = YES;
				CLANG_WARN_NON_LITERAL_NULL_CONVERSION = YES;
				CLANG_WARN_OBJC_IMPLICIT_RETAIN_SELF = YES;
				CLANG_WARN_OBJC_LITERAL_CONVERSION = YES;
				CLANG_WARN_OBJC_ROOT_CLASS = YES_ERROR;
				CLANG_WARN_QUOTED_INCLUDE_IN_FRAMEWORK_HEADER = YES;
				CLANG_WARN_RANGE_LOOP_ANALYSIS = YES;
				CLANG_WARN_STRICT_PROTOTYPES = YES;
				CLANG_WARN_SUSPICIOUS_MOVE = YES;
				CLANG_WARN_UNGUARDED_AVAILABILITY = YES_AGGRESSIVE;
				CLANG_WARN_UNREACHABLE_CODE = YES;
				CLANG_WARN__DUPLICATE_METHOD_MATCH = YES;
				COPY_PHASE_STRIP = NO;
				DEBUG_INFORMATION_FORMAT = "dwarf-with-dsym";
				ENABLE_NS_ASSERTIONS = NO;
				ENABLE_STRICT_OBJC_MSGSEND = YES;
				GCC_C_LANGUAGE_STANDARD = gnu11;
				GCC_NO_COMMON_BLOCKS = YES;
				GCC_WARN_64_TO_32_BIT_CONVERSION = YES;
				GCC_WARN_ABOUT_RETURN_TYPE = YES_ERROR;
				GCC_WARN_UNDECLARED_SELECTOR = YES;
				GCC_WARN_UNINITIALIZED_AUTOS = YES_AGGRESSIVE;
				GCC_WARN_UNUSED_FUNCTION = YES;
				GCC_WARN_UNUSED_VARIABLE = YES;
				IPHONEOS_DEPLOYMENT_TARGET = 14.4;
				MTL_ENABLE_DEBUG_INFO = NO;
				MTL_FAST_MATH = YES;
				SDKROOT = iphoneos;
				SWIFT_COMPILATION_MODE = wholemodule;
				SWIFT_OPTIMIZATION_LEVEL = "-O";
				VALIDATE_PRODUCT = YES;
			};
			name = Release;
		};
		87A2311325F2326900E4D619 /* Debug */ = {
			isa = XCBuildConfiguration;
			baseConfigurationReference = D15B5584B3DB978845816FF1 /* Pods-PryanikyTest.debug.xcconfig */;
			buildSettings = {
				ASSETCATALOG_COMPILER_APPICON_NAME = AppIcon;
				ASSETCATALOG_COMPILER_GLOBAL_ACCENT_COLOR_NAME = AccentColor;
				CODE_SIGN_STYLE = Automatic;
				DEVELOPMENT_TEAM = 8265783G3Y;
				INFOPLIST_FILE = PryanikyTest/Info.plist;
				LD_RUNPATH_SEARCH_PATHS = (
					"$(inherited)",
					"@executable_path/Frameworks",
				);
				PRODUCT_BUNDLE_IDENTIFIER = com.zadoromihail.PryanikyTest;
				PRODUCT_NAME = "$(TARGET_NAME)";
				SWIFT_VERSION = 5.0;
				TARGETED_DEVICE_FAMILY = "1,2";
			};
			name = Debug;
		};
		87A2311425F2326900E4D619 /* Release */ = {
			isa = XCBuildConfiguration;
			baseConfigurationReference = 548403DACE85542F6F1D7294 /* Pods-PryanikyTest.release.xcconfig */;
			buildSettings = {
				ASSETCATALOG_COMPILER_APPICON_NAME = AppIcon;
				ASSETCATALOG_COMPILER_GLOBAL_ACCENT_COLOR_NAME = AccentColor;
				CODE_SIGN_STYLE = Automatic;
				DEVELOPMENT_TEAM = 8265783G3Y;
				INFOPLIST_FILE = PryanikyTest/Info.plist;
				LD_RUNPATH_SEARCH_PATHS = (
					"$(inherited)",
					"@executable_path/Frameworks",
				);
				PRODUCT_BUNDLE_IDENTIFIER = com.zadoromihail.PryanikyTest;
				PRODUCT_NAME = "$(TARGET_NAME)";
				SWIFT_VERSION = 5.0;
				TARGETED_DEVICE_FAMILY = "1,2";
			};
			name = Release;
		};
/* End XCBuildConfiguration section */

/* Begin XCConfigurationList section */
		87A230F925F2326500E4D619 /* Build configuration list for PBXProject "PryanikyTest" */ = {
			isa = XCConfigurationList;
			buildConfigurations = (
				87A2311025F2326900E4D619 /* Debug */,
				87A2311125F2326900E4D619 /* Release */,
			);
			defaultConfigurationIsVisible = 0;
			defaultConfigurationName = Release;
		};
		87A2311225F2326900E4D619 /* Build configuration list for PBXNativeTarget "PryanikyTest" */ = {
			isa = XCConfigurationList;
			buildConfigurations = (
				87A2311325F2326900E4D619 /* Debug */,
				87A2311425F2326900E4D619 /* Release */,
			);
			defaultConfigurationIsVisible = 0;
			defaultConfigurationName = Release;
		};
/* End XCConfigurationList section */
	};
	rootObject = 87A230F625F2326500E4D619 /* Project object */;
}
